
Microsoft Visual Studio Solution File, Format Version 12.00
# Visual Studio Version 17
VisualStudioVersion = 17.1.32228.430
MinimumVisualStudioVersion = 10.0.40219.1
Project("{FAE04EC0-301F-11D3-BF4B-00C04F79EFBC}") = "Tabuada com informações inseridas pelo usuario", "Tabuada com informações inseridas pelo usuario\Tabuada com informações inseridas pelo usuario.csproj", "{6DC588B9-235F-4A08-9D36-2FFA40890B67}"
EndProject
Global
	GlobalSection(SolutionConfigurationPlatforms) = preSolution
		Debug|Any CPU = Debug|Any CPU
		Release|Any CPU = Release|Any CPU
	EndGlobalSection
	GlobalSection(ProjectConfigurationPlatforms) = postSolution
		{6DC588B9-235F-4A08-9D36-2FFA40890B67}.Debug|Any CPU.ActiveCfg = Debug|Any CPU
		{6DC588B9-235F-4A08-9D36-2FFA40890B67}.Debug|Any CPU.Build.0 = Debug|Any CPU
		{6DC588B9-235F-4A08-9D36-2FFA40890B67}.Release|Any CPU.ActiveCfg = Release|Any CPU
		{6DC588B9-235F-4A08-9D36-2FFA40890B67}.Release|Any CPU.Build.0 = Release|Any CPU
	EndGlobalSection
	GlobalSection(SolutionProperties) = preSolution
		HideSolutionNode = FALSE
	EndGlobalSection
	GlobalSection(ExtensibilityGlobals) = postSolution
		SolutionGuid = {3516905D-9BF4-42A4-ABA5-959B2B4404A0}
	EndGlobalSection
EndGlobal
