
Microsoft Visual Studio Solution File, Format Version 12.00
# Visual Studio Version 16
VisualStudioVersion = 16.0.30114.105
MinimumVisualStudioVersion = 10.0.40219.1
Project("{FAE04EC0-301F-11D3-BF4B-00C04F79EFBC}") = "Calculadora", "Calculadora\Calculadora.csproj", "{BD462BD3-2E2A-4D5A-8D5C-61CE87D8422C}"
EndProject
Project("{FAE04EC0-301F-11D3-BF4B-00C04F79EFBC}") = "Zoologico", "Zoologico\Zoologico.csproj", "{4A143004-C3CF-4598-9490-49F96CD41930}"
EndProject
Project("{FAE04EC0-301F-11D3-BF4B-00C04F79EFBC}") = "Venda", "Venda\Venda.csproj", "{3C874F2E-C34D-48C2-A182-A2401A37C77B}"
EndProject
Global
	GlobalSection(SolutionConfigurationPlatforms) = preSolution
		Debug|Any CPU = Debug|Any CPU
		Release|Any CPU = Release|Any CPU
	EndGlobalSection
	GlobalSection(SolutionProperties) = preSolution
		HideSolutionNode = FALSE
	EndGlobalSection
	GlobalSection(ProjectConfigurationPlatforms) = postSolution
		{BD462BD3-2E2A-4D5A-8D5C-61CE87D8422C}.Debug|Any CPU.ActiveCfg = Debug|Any CPU
		{BD462BD3-2E2A-4D5A-8D5C-61CE87D8422C}.Debug|Any CPU.Build.0 = Debug|Any CPU
		{BD462BD3-2E2A-4D5A-8D5C-61CE87D8422C}.Release|Any CPU.ActiveCfg = Release|Any CPU
		{BD462BD3-2E2A-4D5A-8D5C-61CE87D8422C}.Release|Any CPU.Build.0 = Release|Any CPU
		{4A143004-C3CF-4598-9490-49F96CD41930}.Debug|Any CPU.ActiveCfg = Debug|Any CPU
		{4A143004-C3CF-4598-9490-49F96CD41930}.Debug|Any CPU.Build.0 = Debug|Any CPU
		{4A143004-C3CF-4598-9490-49F96CD41930}.Release|Any CPU.ActiveCfg = Release|Any CPU
		{4A143004-C3CF-4598-9490-49F96CD41930}.Release|Any CPU.Build.0 = Release|Any CPU
		{3C874F2E-C34D-48C2-A182-A2401A37C77B}.Debug|Any CPU.ActiveCfg = Debug|Any CPU
		{3C874F2E-C34D-48C2-A182-A2401A37C77B}.Debug|Any CPU.Build.0 = Debug|Any CPU
		{3C874F2E-C34D-48C2-A182-A2401A37C77B}.Release|Any CPU.ActiveCfg = Release|Any CPU
		{3C874F2E-C34D-48C2-A182-A2401A37C77B}.Release|Any CPU.Build.0 = Release|Any CPU
	EndGlobalSection
EndGlobal
